<?xml version="1.0" encoding="utf-8"?>
<Project ToolsVersion="4.0" xmlns="http://schemas.microsoft.com/developer/msbuild/2003">
  <ItemGroup>
    <Filter Include="Source Files">
      <UniqueIdentifier>{4EC737F1-C7A5-4376-A066-2A32D752A2FF}</UniqueIdentifier>
      <Extensions>cpp;c;cc;cxx;def;odl;idl;hpj;bat;asm;asmx</Extensions>
    </Filter>
    <Filter Include="Header Files">
      <UniqueIdentifier>{93995380-89BD-4b04-88EB-615FBE52EBFB}</UniqueIdentifier>
      <Extensions>h;hh;hpp;hxx;hm;inl;inc;xsd</Extensions>
    </Filter>
    <Filter Include="Resource Files">
      <UniqueIdentifier>{67DA6AB5-F800-4c08-8B7A-83BB122AAD01}</UniqueIdentifier>
      <Extensions>rc;ico;cur;bmp;dlg;rc2;rct;bin;rgs;gif;jpg;jpeg;jpe;resx;tiff;tif;png;wav;mfcribbon-ms</Extensions>
    </Filter>
  </ItemGroup>
  <ItemGroup>
    <ClCompile Include="..\src\vasm\atom.c">
      <Filter>Source Files</Filter>
    </ClCompile>
    <ClCompile Include="..\src\vasm\cond.c">
      <Filter>Source Files</Filter>
    </ClCompile>
    <ClCompile Include="..\src\vasm\error.c">
      <Filter>Source Files</Filter>
    </ClCompile>
    <ClCompile Include="..\src\vasm\expr.c">
      <Filter>Source Files</Filter>
    </ClCompile>
    <ClCompile Include="..\src\vasm\hugeint.c">
      <Filter>Source Files</Filter>
    </ClCompile>
    <ClCompile Include="..\src\vasm\output_aout.c">
      <Filter>Source Files</Filter>
    </ClCompile>
    <ClCompile Include="..\src\vasm\output_bin.c">
      <Filter>Source Files</Filter>
    </ClCompile>
    <ClCompile Include="..\src\vasm\output_elf.c">
      <Filter>Source Files</Filter>
    </ClCompile>
    <ClCompile Include="..\src\vasm\output_hunk.c">
      <Filter>Source Files</Filter>
    </ClCompile>
    <ClCompile Include="..\src\vasm\output_srec.c">
      <Filter>Source Files</Filter>
    </ClCompile>
    <ClCompile Include="..\src\vasm\output_test.c">
      <Filter>Source Files</Filter>
    </ClCompile>
    <ClCompile Include="..\src\vasm\output_tos.c">
      <Filter>Source Files</Filter>
    </ClCompile>
    <ClCompile Include="..\src\vasm\output_vobj.c">
      <Filter>Source Files</Filter>
    </ClCompile>
    <ClCompile Include="..\src\vasm\parse.c">
      <Filter>Source Files</Filter>
    </ClCompile>
    <ClCompile Include="..\src\vasm\reloc.c">
      <Filter>Source Files</Filter>
    </ClCompile>
    <ClCompile Include="..\src\vasm\supp.c">
      <Filter>Source Files</Filter>
    </ClCompile>
    <ClCompile Include="..\src\vasm\symbol.c">
      <Filter>Source Files</Filter>
    </ClCompile>
    <ClCompile Include="..\src\vasm\symtab.c">
      <Filter>Source Files</Filter>
    </ClCompile>
    <ClCompile Include="..\src\vasm\vasm.c">
      <Filter>Source Files</Filter>
    </ClCompile>
    <ClCompile Include="..\src\vasm\syntax\madmac\syntax.c">
      <Filter>Source Files</Filter>
    </ClCompile>
    <ClCompile Include="..\src\vasm\cpus\m68k\cpu.c">
      <Filter>Source Files</Filter>
    </ClCompile>
  </ItemGroup>
  <ItemGroup>
    <ClInclude Include="resource.h">
      <Filter>Header Files</Filter>
    </ClInclude>
  </ItemGroup>
  <ItemGroup>
    <ResourceCompile Include="vasmm68k_madmac.rc">
      <Filter>Resource Files</Filter>
    </ResourceCompile>
  </ItemGroup>
</Project>