<?xml version="1.0" encoding="utf-8"?>
<Project ToolsVersion="4.0" xmlns="http://schemas.microsoft.com/developer/msbuild/2003">
  <ItemGroup>
    <Filter Include="Source Files">
      <UniqueIdentifier>{4FC737F1-C7A5-4376-A066-2A32D752A2FF}</UniqueIdentifier>
      <Extensions>cpp;c;cc;cxx;def;odl;idl;hpj;bat;asm;asmx</Extensions>
    </Filter>
    <Filter Include="Header Files">
      <UniqueIdentifier>{93995380-89BD-4b04-88EB-625FBE52EBFB}</UniqueIdentifier>
      <Extensions>h;hh;hpp;hxx;hm;inl;inc;xsd</Extensions>
    </Filter>
    <Filter Include="Resource Files">
      <UniqueIdentifier>{67DA6AB6-F800-4c08-8B7A-83BB121AAD01}</UniqueIdentifier>
      <Extensions>rc;ico;cur;bmp;dlg;rc2;rct;bin;rgs;gif;jpg;jpeg;jpe;resx;tiff;tif;png;wav;mfcribbon-ms</Extensions>
    </Filter>
  </ItemGroup>
  <ItemGroup>
    <ClInclude Include="resource.h">
      <Filter>Header Files</Filter>
    </ClInclude>
  </ItemGroup>
  <ItemGroup>
    <ResourceCompile Include="make.rc">
      <Filter>Resource Files</Filter>
    </ResourceCompile>
  </ItemGroup>
  <ItemGroup>
    <ClCompile Include="..\src\make\src\w32\pathstuff.c">
      <Filter>Source Files</Filter>
    </ClCompile>
    <ClCompile Include="..\src\make\src\w32\w32os.c">
      <Filter>Source Files</Filter>
    </ClCompile>
    <ClCompile Include="..\src\make\src\w32\compat\dirent.c">
      <Filter>Source Files</Filter>
    </ClCompile>
    <ClCompile Include="..\src\make\src\w32\compat\posixfcn.c">
      <Filter>Source Files</Filter>
    </ClCompile>
    <ClCompile Include="..\src\make\src\w32\subproc\misc.c">
      <Filter>Source Files</Filter>
    </ClCompile>
    <ClCompile Include="..\src\make\src\w32\subproc\sub_proc.c">
      <Filter>Source Files</Filter>
    </ClCompile>
    <ClCompile Include="..\src\make\src\w32\subproc\w32err.c">
      <Filter>Source Files</Filter>
    </ClCompile>
    <ClCompile Include="..\src\make\src\ar.c">
      <Filter>Source Files</Filter>
    </ClCompile>
    <ClCompile Include="..\src\make\src\arscan.c">
      <Filter>Source Files</Filter>
    </ClCompile>
    <ClCompile Include="..\src\make\src\commands.c">
      <Filter>Source Files</Filter>
    </ClCompile>
    <ClCompile Include="..\src\make\src\default.c">
      <Filter>Source Files</Filter>
    </ClCompile>
    <ClCompile Include="..\src\make\src\dir.c">
      <Filter>Source Files</Filter>
    </ClCompile>
    <ClCompile Include="..\src\make\src\expand.c">
      <Filter>Source Files</Filter>
    </ClCompile>
    <ClCompile Include="..\src\make\src\file.c">
      <Filter>Source Files</Filter>
    </ClCompile>
    <ClCompile Include="..\src\make\src\function.c">
      <Filter>Source Files</Filter>
    </ClCompile>
    <ClCompile Include="..\src\make\src\getopt.c">
      <Filter>Source Files</Filter>
    </ClCompile>
    <ClCompile Include="..\src\make\src\getopt1.c">
      <Filter>Source Files</Filter>
    </ClCompile>
    <ClCompile Include="..\src\make\src\hash.c">
      <Filter>Source Files</Filter>
    </ClCompile>
    <ClCompile Include="..\src\make\src\implicit.c">
      <Filter>Source Files</Filter>
    </ClCompile>
    <ClCompile Include="..\src\make\src\load.c">
      <Filter>Source Files</Filter>
    </ClCompile>
    <ClCompile Include="..\src\make\src\loadapi.c">
      <Filter>Source Files</Filter>
    </ClCompile>
    <ClCompile Include="..\src\make\src\main.c">
      <Filter>Source Files</Filter>
    </ClCompile>
    <ClCompile Include="..\src\make\src\misc.c">
      <Filter>Source Files</Filter>
    </ClCompile>
    <ClCompile Include="..\src\make\src\output.c">
      <Filter>Source Files</Filter>
    </ClCompile>
    <ClCompile Include="..\src\make\src\read.c">
      <Filter>Source Files</Filter>
    </ClCompile>
    <ClCompile Include="..\src\make\src\remake.c">
      <Filter>Source Files</Filter>
    </ClCompile>
    <ClCompile Include="..\src\make\src\remote-stub.c">
      <Filter>Source Files</Filter>
    </ClCompile>
    <ClCompile Include="..\src\make\src\rule.c">
      <Filter>Source Files</Filter>
    </ClCompile>
    <ClCompile Include="..\src\make\src\signame.c">
      <Filter>Source Files</Filter>
    </ClCompile>
    <ClCompile Include="..\src\make\src\strcache.c">
      <Filter>Source Files</Filter>
    </ClCompile>
    <ClCompile Include="..\src\make\src\variable.c">
      <Filter>Source Files</Filter>
    </ClCompile>
    <ClCompile Include="..\src\make\src\version.c">
      <Filter>Source Files</Filter>
    </ClCompile>
    <ClCompile Include="..\src\make\src\vpath.c">
      <Filter>Source Files</Filter>
    </ClCompile>
    <ClCompile Include="..\src\make\lib\fnmatch.c">
      <Filter>Source Files</Filter>
    </ClCompile>
    <ClCompile Include="..\src\make\lib\glob.c">
      <Filter>Source Files</Filter>
    </ClCompile>
    <ClCompile Include="..\src\make\src\guile.c">
      <Filter>Source Files</Filter>
    </ClCompile>
    <ClCompile Include="..\src\make\src\job.c">
      <Filter>Source Files</Filter>
    </ClCompile>
    <ClCompile Include="..\src\getloadavg.c">
      <Filter>Source Files</Filter>
    </ClCompile>
  </ItemGroup>
</Project>