<?xml version="1.0" encoding="utf-8"?>
<Project ToolsVersion="4.0" xmlns="http://schemas.microsoft.com/developer/msbuild/2003">
  <ItemGroup>
    <Filter Include="Source Files">
      <UniqueIdentifier>{4FC737F1-C7A5-4376-A066-2A32D752A2FF}</UniqueIdentifier>
      <Extensions>cpp;c;cc;cxx;def;odl;idl;hpj;bat;asm;asmx</Extensions>
    </Filter>
    <Filter Include="Header Files">
      <UniqueIdentifier>{93995380-89BD-4b04-88EB-625FBE52EBFB}</UniqueIdentifier>
      <Extensions>h;hh;hpp;hxx;hm;inl;inc;xsd</Extensions>
    </Filter>
    <Filter Include="Resource Files">
      <UniqueIdentifier>{67DA6AB6-F800-4c08-8B7A-83BB121AAD01}</UniqueIdentifier>
      <Extensions>rc;ico;cur;bmp;dlg;rc2;rct;bin;rgs;gif;jpg;jpeg;jpe;resx;tiff;tif;png;wav;mfcribbon-ms</Extensions>
    </Filter>
  </ItemGroup>
  <ItemGroup>
    <ClInclude Include="resource.h">
      <Filter>Header Files</Filter>
    </ClInclude>
  </ItemGroup>
  <ItemGroup>
    <ResourceCompile Include="make.rc">
      <Filter>Resource Files</Filter>
    </ResourceCompile>
  </ItemGroup>
  <ItemGroup>
    <ClCompile Include="..\src\make\ar.c">
      <Filter>Source Files</Filter>
    </ClCompile>
    <ClCompile Include="..\src\make\arscan.c">
      <Filter>Source Files</Filter>
    </ClCompile>
    <ClCompile Include="..\src\make\commands.c">
      <Filter>Source Files</Filter>
    </ClCompile>
    <ClCompile Include="..\src\make\default.c">
      <Filter>Source Files</Filter>
    </ClCompile>
    <ClCompile Include="..\src\make\dir.c">
      <Filter>Source Files</Filter>
    </ClCompile>
    <ClCompile Include="..\src\make\expand.c">
      <Filter>Source Files</Filter>
    </ClCompile>
    <ClCompile Include="..\src\make\file.c">
      <Filter>Source Files</Filter>
    </ClCompile>
    <ClCompile Include="..\src\make\function.c">
      <Filter>Source Files</Filter>
    </ClCompile>
    <ClCompile Include="..\src\make\getloadavg.c">
      <Filter>Source Files</Filter>
    </ClCompile>
    <ClCompile Include="..\src\make\getopt.c">
      <Filter>Source Files</Filter>
    </ClCompile>
    <ClCompile Include="..\src\make\getopt1.c">
      <Filter>Source Files</Filter>
    </ClCompile>
    <ClCompile Include="..\src\make\guile.c">
      <Filter>Source Files</Filter>
    </ClCompile>
    <ClCompile Include="..\src\make\hash.c">
      <Filter>Source Files</Filter>
    </ClCompile>
    <ClCompile Include="..\src\make\implicit.c">
      <Filter>Source Files</Filter>
    </ClCompile>
    <ClCompile Include="..\src\make\job.c">
      <Filter>Source Files</Filter>
    </ClCompile>
    <ClCompile Include="..\src\make\load.c">
      <Filter>Source Files</Filter>
    </ClCompile>
    <ClCompile Include="..\src\make\loadapi.c">
      <Filter>Source Files</Filter>
    </ClCompile>
    <ClCompile Include="..\src\make\main.c">
      <Filter>Source Files</Filter>
    </ClCompile>
    <ClCompile Include="..\src\make\output.c">
      <Filter>Source Files</Filter>
    </ClCompile>
    <ClCompile Include="..\src\make\read.c">
      <Filter>Source Files</Filter>
    </ClCompile>
    <ClCompile Include="..\src\make\remake.c">
      <Filter>Source Files</Filter>
    </ClCompile>
    <ClCompile Include="..\src\make\remote-stub.c">
      <Filter>Source Files</Filter>
    </ClCompile>
    <ClCompile Include="..\src\make\rule.c">
      <Filter>Source Files</Filter>
    </ClCompile>
    <ClCompile Include="..\src\make\signame.c">
      <Filter>Source Files</Filter>
    </ClCompile>
    <ClCompile Include="..\src\make\strcache.c">
      <Filter>Source Files</Filter>
    </ClCompile>
    <ClCompile Include="..\src\make\variable.c">
      <Filter>Source Files</Filter>
    </ClCompile>
    <ClCompile Include="..\src\make\version.c">
      <Filter>Source Files</Filter>
    </ClCompile>
    <ClCompile Include="..\src\make\vpath.c">
      <Filter>Source Files</Filter>
    </ClCompile>
    <ClCompile Include="..\src\make\glob\fnmatch.c">
      <Filter>Source Files</Filter>
    </ClCompile>
    <ClCompile Include="..\src\make\glob\glob.c">
      <Filter>Source Files</Filter>
    </ClCompile>
    <ClCompile Include="..\src\make\w32\compat\posixfcn.c">
      <Filter>Source Files</Filter>
    </ClCompile>
    <ClCompile Include="..\src\make\w32\pathstuff.c">
      <Filter>Source Files</Filter>
    </ClCompile>
    <ClCompile Include="..\src\make\w32\w32os.c">
      <Filter>Source Files</Filter>
    </ClCompile>
    <ClCompile Include="..\src\make\w32\subproc\sub_proc.c">
      <Filter>Source Files</Filter>
    </ClCompile>
    <ClCompile Include="..\src\make\w32\subproc\w32err.c">
      <Filter>Source Files</Filter>
    </ClCompile>
    <ClCompile Include="..\src\make\w32\compat\dirent.c">
      <Filter>Source Files</Filter>
    </ClCompile>
    <ClCompile Include="..\src\make\w32\subproc\misc.c">
      <Filter>Source Files</Filter>
    </ClCompile>
    <ClCompile Include="..\src\make\misc.c">
      <Filter>Source Files</Filter>
    </ClCompile>
  </ItemGroup>
</Project>