<?xml version="1.0" encoding="utf-8"?>
<Project ToolsVersion="4.0" xmlns="http://schemas.microsoft.com/developer/msbuild/2003">
  <ItemGroup>
    <Filter Include="Source Files">
      <UniqueIdentifier>{4FC737F1-C7A5-4376-A066-2A32D752A2FF}</UniqueIdentifier>
      <Extensions>cpp;c;cc;cxx;def;odl;idl;hpj;bat;asm;asmx</Extensions>
    </Filter>
    <Filter Include="Header Files">
      <UniqueIdentifier>{93995380-89BD-4b04-88EB-625FBE52EBFB}</UniqueIdentifier>
      <Extensions>h;hh;hpp;hxx;hm;inl;inc;xsd</Extensions>
    </Filter>
    <Filter Include="Resource Files">
      <UniqueIdentifier>{67DA6AB6-F800-4c08-8B7A-83BB121AAD01}</UniqueIdentifier>
      <Extensions>rc;ico;cur;bmp;dlg;rc2;rct;bin;rgs;gif;jpg;jpeg;jpe;resx;tiff;tif;png;wav;mfcribbon-ms</Extensions>
    </Filter>
  </ItemGroup>
  <ItemGroup>
    <ClCompile Include="..\src\vlink\ar.c">
      <Filter>Source Files</Filter>
    </ClCompile>
    <ClCompile Include="..\src\vlink\dir.c">
      <Filter>Source Files</Filter>
    </ClCompile>
    <ClCompile Include="..\src\vlink\elf.c">
      <Filter>Source Files</Filter>
    </ClCompile>
    <ClCompile Include="..\src\vlink\errors.c">
      <Filter>Source Files</Filter>
    </ClCompile>
    <ClCompile Include="..\src\vlink\expr.c">
      <Filter>Source Files</Filter>
    </ClCompile>
    <ClCompile Include="..\src\vlink\ldscript.c">
      <Filter>Source Files</Filter>
    </ClCompile>
    <ClCompile Include="..\src\vlink\linker.c">
      <Filter>Source Files</Filter>
    </ClCompile>
    <ClCompile Include="..\src\vlink\main.c">
      <Filter>Source Files</Filter>
    </ClCompile>
    <ClCompile Include="..\src\vlink\pmatch.c">
      <Filter>Source Files</Filter>
    </ClCompile>
    <ClCompile Include="..\src\vlink\support.c">
      <Filter>Source Files</Filter>
    </ClCompile>
    <ClCompile Include="..\src\vlink\t_amigahunk.c">
      <Filter>Source Files</Filter>
    </ClCompile>
    <ClCompile Include="..\src\vlink\t_aout.c">
      <Filter>Source Files</Filter>
    </ClCompile>
    <ClCompile Include="..\src\vlink\t_aouti386.c">
      <Filter>Source Files</Filter>
    </ClCompile>
    <ClCompile Include="..\src\vlink\t_aoutm68k.c">
      <Filter>Source Files</Filter>
    </ClCompile>
    <ClCompile Include="..\src\vlink\t_aoutmint.c">
      <Filter>Source Files</Filter>
    </ClCompile>
    <ClCompile Include="..\src\vlink\t_aoutnull.c">
      <Filter>Source Files</Filter>
    </ClCompile>
    <ClCompile Include="..\src\vlink\t_ataritos.c">
      <Filter>Source Files</Filter>
    </ClCompile>
    <ClCompile Include="..\src\vlink\t_elf32.c">
      <Filter>Source Files</Filter>
    </ClCompile>
    <ClCompile Include="..\src\vlink\t_elf32arm.c">
      <Filter>Source Files</Filter>
    </ClCompile>
    <ClCompile Include="..\src\vlink\t_elf32i386.c">
      <Filter>Source Files</Filter>
    </ClCompile>
    <ClCompile Include="..\src\vlink\t_elf32jag.c">
      <Filter>Source Files</Filter>
    </ClCompile>
    <ClCompile Include="..\src\vlink\t_elf32m68k.c">
      <Filter>Source Files</Filter>
    </ClCompile>
    <ClCompile Include="..\src\vlink\t_elf32ppcbe.c">
      <Filter>Source Files</Filter>
    </ClCompile>
    <ClCompile Include="..\src\vlink\t_elf64.c">
      <Filter>Source Files</Filter>
    </ClCompile>
    <ClCompile Include="..\src\vlink\t_elf64x86.c">
      <Filter>Source Files</Filter>
    </ClCompile>
    <ClCompile Include="..\src\vlink\t_rawbin.c">
      <Filter>Source Files</Filter>
    </ClCompile>
    <ClCompile Include="..\src\vlink\t_rawseg.c">
      <Filter>Source Files</Filter>
    </ClCompile>
    <ClCompile Include="..\src\vlink\t_vobj.c">
      <Filter>Source Files</Filter>
    </ClCompile>
    <ClCompile Include="..\src\vlink\targets.c">
      <Filter>Source Files</Filter>
    </ClCompile>
    <ClCompile Include="..\src\vlink\version.c">
      <Filter>Source Files</Filter>
    </ClCompile>
    <ClCompile Include="..\src\vlink\t_xfile.c">
      <Filter>Source Files</Filter>
    </ClCompile>
    <ClCompile Include="..\src\vlink\t_o65.c">
      <Filter>Source Files</Filter>
    </ClCompile>
    <ClCompile Include="..\src\vlink\t_os9.c">
      <Filter>Source Files</Filter>
    </ClCompile>
    <ClCompile Include="..\src\vlink\tosopts.c">
      <Filter>Source Files</Filter>
    </ClCompile>
  </ItemGroup>
  <ItemGroup>
    <ClInclude Include="resource.h">
      <Filter>Header Files</Filter>
    </ClInclude>
  </ItemGroup>
  <ItemGroup>
    <ResourceCompile Include="vlink.rc">
      <Filter>Resource Files</Filter>
    </ResourceCompile>
  </ItemGroup>
</Project>